
Microsoft Visual Studio Solution File, Format Version 12.00
# Visual Studio Version 17
VisualStudioVersion = 17.9.34701.34
MinimumVisualStudioVersion = 10.0.40219.1
Project("{9A19103F-16F7-4668-BE54-9A1E7A4F7556}") = "FinalProject", "FinalProject\FinalProject.csproj", "{79477566-30DD-4198-85DB-B1B631C3D434}"
EndProject
Project("{9A19103F-16F7-4668-BE54-9A1E7A4F7556}") = "FinalProject.Core", "FinalProject.Core\FinalProject.Core.csproj", "{0ADC8E35-E57C-4099-8869-B23358792720}"
EndProject
Project("{9A19103F-16F7-4668-BE54-9A1E7A4F7556}") = "FinalProject.Infrastructure", "FinalProject.Infrastructure\FinalProject.Infrastructure.csproj", "{1511CB37-C2B2-4CB3-B607-34044446A1FB}"
EndProject
Project("{9A19103F-16F7-4668-BE54-9A1E7A4F7556}") = "FinalProject.Domain", "FinalProject.Domain\FinalProject.Domain.csproj", "{0659E318-832E-41C2-B445-85474A445F79}"
EndProject
Project("{FAE04EC0-301F-11D3-BF4B-00C04F79EFBC}") = "FinalProject.Shared", "FinalProject.Shared\FinalProject.Shared.csproj", "{4A590E5D-15DC-4A84-B4AC-C90C7A4DD2D1}"
EndProject
Global
	GlobalSection(SolutionConfigurationPlatforms) = preSolution
		Debug|Any CPU = Debug|Any CPU
		Release|Any CPU = Release|Any CPU
	EndGlobalSection
	GlobalSection(ProjectConfigurationPlatforms) = postSolution
		{79477566-30DD-4198-85DB-B1B631C3D434}.Debug|Any CPU.ActiveCfg = Debug|Any CPU
		{79477566-30DD-4198-85DB-B1B631C3D434}.Debug|Any CPU.Build.0 = Debug|Any CPU
		{79477566-30DD-4198-85DB-B1B631C3D434}.Release|Any CPU.ActiveCfg = Release|Any CPU
		{79477566-30DD-4198-85DB-B1B631C3D434}.Release|Any CPU.Build.0 = Release|Any CPU
		{0ADC8E35-E57C-4099-8869-B23358792720}.Debug|Any CPU.ActiveCfg = Debug|Any CPU
		{0ADC8E35-E57C-4099-8869-B23358792720}.Debug|Any CPU.Build.0 = Debug|Any CPU
		{0ADC8E35-E57C-4099-8869-B23358792720}.Release|Any CPU.ActiveCfg = Release|Any CPU
		{0ADC8E35-E57C-4099-8869-B23358792720}.Release|Any CPU.Build.0 = Release|Any CPU
		{1511CB37-C2B2-4CB3-B607-34044446A1FB}.Debug|Any CPU.ActiveCfg = Debug|Any CPU
		{1511CB37-C2B2-4CB3-B607-34044446A1FB}.Debug|Any CPU.Build.0 = Debug|Any CPU
		{1511CB37-C2B2-4CB3-B607-34044446A1FB}.Release|Any CPU.ActiveCfg = Release|Any CPU
		{1511CB37-C2B2-4CB3-B607-34044446A1FB}.Release|Any CPU.Build.0 = Release|Any CPU
		{0659E318-832E-41C2-B445-85474A445F79}.Debug|Any CPU.ActiveCfg = Debug|Any CPU
		{0659E318-832E-41C2-B445-85474A445F79}.Debug|Any CPU.Build.0 = Debug|Any CPU
		{0659E318-832E-41C2-B445-85474A445F79}.Release|Any CPU.ActiveCfg = Release|Any CPU
		{0659E318-832E-41C2-B445-85474A445F79}.Release|Any CPU.Build.0 = Release|Any CPU
		{4A590E5D-15DC-4A84-B4AC-C90C7A4DD2D1}.Debug|Any CPU.ActiveCfg = Debug|Any CPU
		{4A590E5D-15DC-4A84-B4AC-C90C7A4DD2D1}.Debug|Any CPU.Build.0 = Debug|Any CPU
		{4A590E5D-15DC-4A84-B4AC-C90C7A4DD2D1}.Release|Any CPU.ActiveCfg = Release|Any CPU
		{4A590E5D-15DC-4A84-B4AC-C90C7A4DD2D1}.Release|Any CPU.Build.0 = Release|Any CPU
	EndGlobalSection
	GlobalSection(SolutionProperties) = preSolution
		HideSolutionNode = FALSE
	EndGlobalSection
	GlobalSection(ExtensibilityGlobals) = postSolution
		SolutionGuid = {6815DE46-DE3C-447C-AFCC-6BF06A940404}
	EndGlobalSection
EndGlobal
